
Microsoft Visual Studio Solution File, Format Version 12.00
# Visual Studio Version 16
VisualStudioVersion = 16.0.29911.84
MinimumVisualStudioVersion = 10.0.40219.1
Project("{9A19103F-16F7-4668-BE54-9A1E7A4F7556}") = "Day6", "Day6\Day6.csproj", "{D40C2B9D-4A32-40AF-AD9C-52098FD58C2B}"
EndProject
Project("{FAE04EC0-301F-11D3-BF4B-00C04F79EFBC}") = "Model", "Model\Model.csproj", "{A8B795A0-3BE4-45DA-9552-145F18AAE2DD}"
EndProject
Project("{FAE04EC0-301F-11D3-BF4B-00C04F79EFBC}") = "Dal", "Dal\Dal.csproj", "{241626ED-6F3D-46E4-A493-2FB66AA430DE}"
EndProject
Global
	GlobalSection(SolutionConfigurationPlatforms) = preSolution
		Debug|Any CPU = Debug|Any CPU
		Release|Any CPU = Release|Any CPU
	EndGlobalSection
	GlobalSection(ProjectConfigurationPlatforms) = postSolution
		{D40C2B9D-4A32-40AF-AD9C-52098FD58C2B}.Debug|Any CPU.ActiveCfg = Debug|Any CPU
		{D40C2B9D-4A32-40AF-AD9C-52098FD58C2B}.Debug|Any CPU.Build.0 = Debug|Any CPU
		{D40C2B9D-4A32-40AF-AD9C-52098FD58C2B}.Release|Any CPU.ActiveCfg = Release|Any CPU
		{D40C2B9D-4A32-40AF-AD9C-52098FD58C2B}.Release|Any CPU.Build.0 = Release|Any CPU
		{A8B795A0-3BE4-45DA-9552-145F18AAE2DD}.Debug|Any CPU.ActiveCfg = Debug|Any CPU
		{A8B795A0-3BE4-45DA-9552-145F18AAE2DD}.Debug|Any CPU.Build.0 = Debug|Any CPU
		{A8B795A0-3BE4-45DA-9552-145F18AAE2DD}.Release|Any CPU.ActiveCfg = Release|Any CPU
		{A8B795A0-3BE4-45DA-9552-145F18AAE2DD}.Release|Any CPU.Build.0 = Release|Any CPU
		{241626ED-6F3D-46E4-A493-2FB66AA430DE}.Debug|Any CPU.ActiveCfg = Debug|Any CPU
		{241626ED-6F3D-46E4-A493-2FB66AA430DE}.Debug|Any CPU.Build.0 = Debug|Any CPU
		{241626ED-6F3D-46E4-A493-2FB66AA430DE}.Release|Any CPU.ActiveCfg = Release|Any CPU
		{241626ED-6F3D-46E4-A493-2FB66AA430DE}.Release|Any CPU.Build.0 = Release|Any CPU
	EndGlobalSection
	GlobalSection(SolutionProperties) = preSolution
		HideSolutionNode = FALSE
	EndGlobalSection
	GlobalSection(ExtensibilityGlobals) = postSolution
		SolutionGuid = {F27D4D8F-4986-4905-9304-3E640F15719E}
	EndGlobalSection
EndGlobal
